
Microsoft Visual Studio Solution File, Format Version 12.00
# Visual Studio Version 17
VisualStudioVersion = 17.0.31903.59
MinimumVisualStudioVersion = 10.0.40219.1
Project("{2150E333-8FDC-42A3-9474-1A3956D46DE8}") = "src", "src", "{827E0CD3-B72D-47B6-A68D-7590B98EB39B}"
EndProject
Project("{FAE04EC0-301F-11D3-BF4B-00C04F79EFBC}") = "SchaerbeekMunicipality.ServiceDefaults", "src\SchaerbeekMunicipality.ServiceDefaults\SchaerbeekMunicipality.ServiceDefaults.csproj", "{268EBB40-3D7C-4D34-BEBA-A66FA3836A45}"
EndProject
Project("{FAE04EC0-301F-11D3-BF4B-00C04F79EFBC}") = "SchaerbeekMunicipality.AppHost", "src\SchaerbeekMunicipality.AppHost\SchaerbeekMunicipality.AppHost.csproj", "{98637C26-5765-416E-8314-A65F3624E43D}"
EndProject
Project("{FAE04EC0-301F-11D3-BF4B-00C04F79EFBC}") = "SchaerbeekMunicipality.Web", "src\SchaerbeekMunicipality.Web\SchaerbeekMunicipality.Web.csproj", "{C58D9BA7-FF7A-4380-85FE-6DBC322187EF}"
EndProject
Project("{FAE04EC0-301F-11D3-BF4B-00C04F79EFBC}") = "SchaerbeekMunicipality.Domain", "src\SchaerbeekMunicipality.Domain\SchaerbeekMunicipality.Domain.csproj", "{7363996A-9033-4A93-AA8C-1C09C0556750}"
EndProject
Project("{FAE04EC0-301F-11D3-BF4B-00C04F79EFBC}") = "SchaerbeekMunicipality.Infrastructure", "src\SchaerbeekMunicipality.Infrastructure\SchaerbeekMunicipality.Infrastructure.csproj", "{ECFCF6C1-ADC4-4A29-BFDD-B6087CD92E24}"
EndProject
Project("{2150E333-8FDC-42A3-9474-1A3956D46DE8}") = "tests", "tests", "{0AB3BF05-4346-4AA6-1389-037BE0695223}"
EndProject
Project("{FAE04EC0-301F-11D3-BF4B-00C04F79EFBC}") = "SchaerbeekMunicipality.Domain.Tests", "tests\SchaerbeekMunicipality.Domain.Tests\SchaerbeekMunicipality.Domain.Tests.csproj", "{680B6F32-41F8-45EE-A0F2-13ABF901F15C}"
EndProject
Project("{FAE04EC0-301F-11D3-BF4B-00C04F79EFBC}") = "SchaerbeekMunicipality.Integration.Tests", "tests\SchaerbeekMunicipality.Integration.Tests\SchaerbeekMunicipality.Integration.Tests.csproj", "{6E9FF1AB-BCE6-42A8-822C-DF961FE06C11}"
EndProject
Global
	GlobalSection(SolutionConfigurationPlatforms) = preSolution
		Debug|Any CPU = Debug|Any CPU
		Debug|x64 = Debug|x64
		Debug|x86 = Debug|x86
		Release|Any CPU = Release|Any CPU
		Release|x64 = Release|x64
		Release|x86 = Release|x86
	EndGlobalSection
	GlobalSection(ProjectConfigurationPlatforms) = postSolution
		{268EBB40-3D7C-4D34-BEBA-A66FA3836A45}.Debug|Any CPU.ActiveCfg = Debug|Any CPU
		{268EBB40-3D7C-4D34-BEBA-A66FA3836A45}.Debug|Any CPU.Build.0 = Debug|Any CPU
		{268EBB40-3D7C-4D34-BEBA-A66FA3836A45}.Debug|x64.ActiveCfg = Debug|Any CPU
		{268EBB40-3D7C-4D34-BEBA-A66FA3836A45}.Debug|x64.Build.0 = Debug|Any CPU
		{268EBB40-3D7C-4D34-BEBA-A66FA3836A45}.Debug|x86.ActiveCfg = Debug|Any CPU
		{268EBB40-3D7C-4D34-BEBA-A66FA3836A45}.Debug|x86.Build.0 = Debug|Any CPU
		{268EBB40-3D7C-4D34-BEBA-A66FA3836A45}.Release|Any CPU.ActiveCfg = Release|Any CPU
		{268EBB40-3D7C-4D34-BEBA-A66FA3836A45}.Release|Any CPU.Build.0 = Release|Any CPU
		{268EBB40-3D7C-4D34-BEBA-A66FA3836A45}.Release|x64.ActiveCfg = Release|Any CPU
		{268EBB40-3D7C-4D34-BEBA-A66FA3836A45}.Release|x64.Build.0 = Release|Any CPU
		{268EBB40-3D7C-4D34-BEBA-A66FA3836A45}.Release|x86.ActiveCfg = Release|Any CPU
		{268EBB40-3D7C-4D34-BEBA-A66FA3836A45}.Release|x86.Build.0 = Release|Any CPU
		{98637C26-5765-416E-8314-A65F3624E43D}.Debug|Any CPU.ActiveCfg = Debug|Any CPU
		{98637C26-5765-416E-8314-A65F3624E43D}.Debug|Any CPU.Build.0 = Debug|Any CPU
		{98637C26-5765-416E-8314-A65F3624E43D}.Debug|x64.ActiveCfg = Debug|Any CPU
		{98637C26-5765-416E-8314-A65F3624E43D}.Debug|x64.Build.0 = Debug|Any CPU
		{98637C26-5765-416E-8314-A65F3624E43D}.Debug|x86.ActiveCfg = Debug|Any CPU
		{98637C26-5765-416E-8314-A65F3624E43D}.Debug|x86.Build.0 = Debug|Any CPU
		{98637C26-5765-416E-8314-A65F3624E43D}.Release|Any CPU.ActiveCfg = Release|Any CPU
		{98637C26-5765-416E-8314-A65F3624E43D}.Release|Any CPU.Build.0 = Release|Any CPU
		{98637C26-5765-416E-8314-A65F3624E43D}.Release|x64.ActiveCfg = Release|Any CPU
		{98637C26-5765-416E-8314-A65F3624E43D}.Release|x64.Build.0 = Release|Any CPU
		{98637C26-5765-416E-8314-A65F3624E43D}.Release|x86.ActiveCfg = Release|Any CPU
		{98637C26-5765-416E-8314-A65F3624E43D}.Release|x86.Build.0 = Release|Any CPU
		{C58D9BA7-FF7A-4380-85FE-6DBC322187EF}.Debug|Any CPU.ActiveCfg = Debug|Any CPU
		{C58D9BA7-FF7A-4380-85FE-6DBC322187EF}.Debug|Any CPU.Build.0 = Debug|Any CPU
		{C58D9BA7-FF7A-4380-85FE-6DBC322187EF}.Debug|x64.ActiveCfg = Debug|Any CPU
		{C58D9BA7-FF7A-4380-85FE-6DBC322187EF}.Debug|x64.Build.0 = Debug|Any CPU
		{C58D9BA7-FF7A-4380-85FE-6DBC322187EF}.Debug|x86.ActiveCfg = Debug|Any CPU
		{C58D9BA7-FF7A-4380-85FE-6DBC322187EF}.Debug|x86.Build.0 = Debug|Any CPU
		{C58D9BA7-FF7A-4380-85FE-6DBC322187EF}.Release|Any CPU.ActiveCfg = Release|Any CPU
		{C58D9BA7-FF7A-4380-85FE-6DBC322187EF}.Release|Any CPU.Build.0 = Release|Any CPU
		{C58D9BA7-FF7A-4380-85FE-6DBC322187EF}.Release|x64.ActiveCfg = Release|Any CPU
		{C58D9BA7-FF7A-4380-85FE-6DBC322187EF}.Release|x64.Build.0 = Release|Any CPU
		{C58D9BA7-FF7A-4380-85FE-6DBC322187EF}.Release|x86.ActiveCfg = Release|Any CPU
		{C58D9BA7-FF7A-4380-85FE-6DBC322187EF}.Release|x86.Build.0 = Release|Any CPU
		{7363996A-9033-4A93-AA8C-1C09C0556750}.Debug|Any CPU.ActiveCfg = Debug|Any CPU
		{7363996A-9033-4A93-AA8C-1C09C0556750}.Debug|Any CPU.Build.0 = Debug|Any CPU
		{7363996A-9033-4A93-AA8C-1C09C0556750}.Debug|x64.ActiveCfg = Debug|Any CPU
		{7363996A-9033-4A93-AA8C-1C09C0556750}.Debug|x64.Build.0 = Debug|Any CPU
		{7363996A-9033-4A93-AA8C-1C09C0556750}.Debug|x86.ActiveCfg = Debug|Any CPU
		{7363996A-9033-4A93-AA8C-1C09C0556750}.Debug|x86.Build.0 = Debug|Any CPU
		{7363996A-9033-4A93-AA8C-1C09C0556750}.Release|Any CPU.ActiveCfg = Release|Any CPU
		{7363996A-9033-4A93-AA8C-1C09C0556750}.Release|Any CPU.Build.0 = Release|Any CPU
		{7363996A-9033-4A93-AA8C-1C09C0556750}.Release|x64.ActiveCfg = Release|Any CPU
		{7363996A-9033-4A93-AA8C-1C09C0556750}.Release|x64.Build.0 = Release|Any CPU
		{7363996A-9033-4A93-AA8C-1C09C0556750}.Release|x86.ActiveCfg = Release|Any CPU
		{7363996A-9033-4A93-AA8C-1C09C0556750}.Release|x86.Build.0 = Release|Any CPU
		{ECFCF6C1-ADC4-4A29-BFDD-B6087CD92E24}.Debug|Any CPU.ActiveCfg = Debug|Any CPU
		{ECFCF6C1-ADC4-4A29-BFDD-B6087CD92E24}.Debug|Any CPU.Build.0 = Debug|Any CPU
		{ECFCF6C1-ADC4-4A29-BFDD-B6087CD92E24}.Debug|x64.ActiveCfg = Debug|Any CPU
		{ECFCF6C1-ADC4-4A29-BFDD-B6087CD92E24}.Debug|x64.Build.0 = Debug|Any CPU
		{ECFCF6C1-ADC4-4A29-BFDD-B6087CD92E24}.Debug|x86.ActiveCfg = Debug|Any CPU
		{ECFCF6C1-ADC4-4A29-BFDD-B6087CD92E24}.Debug|x86.Build.0 = Debug|Any CPU
		{ECFCF6C1-ADC4-4A29-BFDD-B6087CD92E24}.Release|Any CPU.ActiveCfg = Release|Any CPU
		{ECFCF6C1-ADC4-4A29-BFDD-B6087CD92E24}.Release|Any CPU.Build.0 = Release|Any CPU
		{ECFCF6C1-ADC4-4A29-BFDD-B6087CD92E24}.Release|x64.ActiveCfg = Release|Any CPU
		{ECFCF6C1-ADC4-4A29-BFDD-B6087CD92E24}.Release|x64.Build.0 = Release|Any CPU
		{ECFCF6C1-ADC4-4A29-BFDD-B6087CD92E24}.Release|x86.ActiveCfg = Release|Any CPU
		{ECFCF6C1-ADC4-4A29-BFDD-B6087CD92E24}.Release|x86.Build.0 = Release|Any CPU
		{680B6F32-41F8-45EE-A0F2-13ABF901F15C}.Debug|Any CPU.ActiveCfg = Debug|Any CPU
		{680B6F32-41F8-45EE-A0F2-13ABF901F15C}.Debug|Any CPU.Build.0 = Debug|Any CPU
		{680B6F32-41F8-45EE-A0F2-13ABF901F15C}.Debug|x64.ActiveCfg = Debug|Any CPU
		{680B6F32-41F8-45EE-A0F2-13ABF901F15C}.Debug|x64.Build.0 = Debug|Any CPU
		{680B6F32-41F8-45EE-A0F2-13ABF901F15C}.Debug|x86.ActiveCfg = Debug|Any CPU
		{680B6F32-41F8-45EE-A0F2-13ABF901F15C}.Debug|x86.Build.0 = Debug|Any CPU
		{680B6F32-41F8-45EE-A0F2-13ABF901F15C}.Release|Any CPU.ActiveCfg = Release|Any CPU
		{680B6F32-41F8-45EE-A0F2-13ABF901F15C}.Release|Any CPU.Build.0 = Release|Any CPU
		{680B6F32-41F8-45EE-A0F2-13ABF901F15C}.Release|x64.ActiveCfg = Release|Any CPU
		{680B6F32-41F8-45EE-A0F2-13ABF901F15C}.Release|x64.Build.0 = Release|Any CPU
		{680B6F32-41F8-45EE-A0F2-13ABF901F15C}.Release|x86.ActiveCfg = Release|Any CPU
		{680B6F32-41F8-45EE-A0F2-13ABF901F15C}.Release|x86.Build.0 = Release|Any CPU
		{6E9FF1AB-BCE6-42A8-822C-DF961FE06C11}.Debug|Any CPU.ActiveCfg = Debug|Any CPU
		{6E9FF1AB-BCE6-42A8-822C-DF961FE06C11}.Debug|Any CPU.Build.0 = Debug|Any CPU
		{6E9FF1AB-BCE6-42A8-822C-DF961FE06C11}.Debug|x64.ActiveCfg = Debug|Any CPU
		{6E9FF1AB-BCE6-42A8-822C-DF961FE06C11}.Debug|x64.Build.0 = Debug|Any CPU
		{6E9FF1AB-BCE6-42A8-822C-DF961FE06C11}.Debug|x86.ActiveCfg = Debug|Any CPU
		{6E9FF1AB-BCE6-42A8-822C-DF961FE06C11}.Debug|x86.Build.0 = Debug|Any CPU
		{6E9FF1AB-BCE6-42A8-822C-DF961FE06C11}.Release|Any CPU.ActiveCfg = Release|Any CPU
		{6E9FF1AB-BCE6-42A8-822C-DF961FE06C11}.Release|Any CPU.Build.0 = Release|Any CPU
		{6E9FF1AB-BCE6-42A8-822C-DF961FE06C11}.Release|x64.ActiveCfg = Release|Any CPU
		{6E9FF1AB-BCE6-42A8-822C-DF961FE06C11}.Release|x64.Build.0 = Release|Any CPU
		{6E9FF1AB-BCE6-42A8-822C-DF961FE06C11}.Release|x86.ActiveCfg = Release|Any CPU
		{6E9FF1AB-BCE6-42A8-822C-DF961FE06C11}.Release|x86.Build.0 = Release|Any CPU
	EndGlobalSection
	GlobalSection(SolutionProperties) = preSolution
		HideSolutionNode = FALSE
	EndGlobalSection
	GlobalSection(NestedProjects) = preSolution
		{268EBB40-3D7C-4D34-BEBA-A66FA3836A45} = {827E0CD3-B72D-47B6-A68D-7590B98EB39B}
		{98637C26-5765-416E-8314-A65F3624E43D} = {827E0CD3-B72D-47B6-A68D-7590B98EB39B}
		{C58D9BA7-FF7A-4380-85FE-6DBC322187EF} = {827E0CD3-B72D-47B6-A68D-7590B98EB39B}
		{7363996A-9033-4A93-AA8C-1C09C0556750} = {827E0CD3-B72D-47B6-A68D-7590B98EB39B}
		{ECFCF6C1-ADC4-4A29-BFDD-B6087CD92E24} = {827E0CD3-B72D-47B6-A68D-7590B98EB39B}
		{680B6F32-41F8-45EE-A0F2-13ABF901F15C} = {0AB3BF05-4346-4AA6-1389-037BE0695223}
		{6E9FF1AB-BCE6-42A8-822C-DF961FE06C11} = {0AB3BF05-4346-4AA6-1389-037BE0695223}
	EndGlobalSection
EndGlobal
